
Microsoft Visual Studio Solution File, Format Version 12.00
# Visual Studio Version 17
VisualStudioVersion = 17.7.34009.444
MinimumVisualStudioVersion = 10.0.40219.1
Project("{FAE04EC0-301F-11D3-BF4B-00C04F79EFBC}") = "Api_Ecommerce", "Api_Ecommerce\Api_Ecommerce.csproj", "{A41E51AB-C1F9-42DA-A8A0-0A020032C124}"
EndProject
Global
	GlobalSection(SolutionConfigurationPlatforms) = preSolution
		Debug|Any CPU = Debug|Any CPU
		Release|Any CPU = Release|Any CPU
	EndGlobalSection
	GlobalSection(ProjectConfigurationPlatforms) = postSolution
		{A41E51AB-C1F9-42DA-A8A0-0A020032C124}.Debug|Any CPU.ActiveCfg = Debug|Any CPU
		{A41E51AB-C1F9-42DA-A8A0-0A020032C124}.Debug|Any CPU.Build.0 = Debug|Any CPU
		{A41E51AB-C1F9-42DA-A8A0-0A020032C124}.Release|Any CPU.ActiveCfg = Release|Any CPU
		{A41E51AB-C1F9-42DA-A8A0-0A020032C124}.Release|Any CPU.Build.0 = Release|Any CPU
	EndGlobalSection
	GlobalSection(SolutionProperties) = preSolution
		HideSolutionNode = FALSE
	EndGlobalSection
	GlobalSection(ExtensibilityGlobals) = postSolution
		SolutionGuid = {3730F192-742C-42A8-9AFA-DF22B1E04E27}
	EndGlobalSection
EndGlobal
